# This file is automatically @generated by Cargo.
# It is not intended for manual editing.
version = 4

[[package]]
name = "abstract_factory_rs"
version = "0.1.0"

[[package]]
name = "p_01_abstract_factory_exercise_rs"
version = "0.1.0"

[[package]]
name = "p_02_builder_exercise_rs"
version = "0.1.0"

[[package]]
name = "p_02_builder_rs"
version = "0.1.0"

[[package]]
name = "p_03_factory_method_rs"
version = "0.1.0"
